# This file is generated by running "yarn install" inside your project.
# Manual changes might be lost - proceed with caution!

__metadata:
  version: 4
  cacheKey: 8

"@babel/generator@npm:7.18.2":
  version: 7.18.2
  resolution: "@babel/generator@npm:7.18.2"
  dependencies:
    "@babel/types": ^7.18.2
    "@jridgewell/gen-mapping": ^0.3.0
    jsesc: ^2.5.1
  checksum: d0661e95532ddd97566d41fec26355a7b28d1cbc4df95fe80cc084c413342935911b48db20910708db39714844ddd614f61c2ec4cca3fb10181418bdcaa2e7a3
  languageName: node
  linkType: hard

"@babel/helper-string-parser@npm:^7.18.10, @babel/helper-string-parser@npm:^7.19.4":
  version: 7.19.4
  resolution: "@babel/helper-string-parser@npm:7.19.4"
  checksum: b2f8a3920b30dfac81ec282ac4ad9598ea170648f8254b10f475abe6d944808fb006aab325d3eb5a8ad3bea8dfa888cfa6ef471050dae5748497c110ec060943
  languageName: node
  linkType: hard

"@babel/helper-validator-identifier@npm:^7.14.9":
  version: 7.14.9
  resolution: "@babel/helper-validator-identifier@npm:7.14.9"
  checksum: 58552531a7674363e74672434c312ddaf1545b8a43308e1a7f38db58bf79c796c095a6dab6a6105eb0d783b97441f6cbb525bb887f29a35f232fcdbd8cb240dc
  languageName: node
  linkType: hard

"@babel/helper-validator-identifier@npm:^7.18.6, @babel/helper-validator-identifier@npm:^7.19.1":
  version: 7.19.1
  resolution: "@babel/helper-validator-identifier@npm:7.19.1"
  checksum: 0eca5e86a729162af569b46c6c41a63e18b43dbe09fda1d2a3c8924f7d617116af39cac5e4cd5d431bb760b4dca3c0970e0c444789b1db42bcf1fa41fbad0a3a
  languageName: node
  linkType: hard

"@babel/parser@npm:7.18.4":
  version: 7.18.4
  resolution: "@babel/parser@npm:7.18.4"
  bin:
    parser: ./bin/babel-parser.js
  checksum: e05b2dc720c4b200e088258f3c2a2de5041c140444edc38181d1217b10074e881a7133162c5b62356061f26279f08df5a06ec14c5842996ee8601ad03c57a44f
  languageName: node
  linkType: hard

"@babel/types@npm:7.19.0":
  version: 7.19.0
  resolution: "@babel/types@npm:7.19.0"
  dependencies:
    "@babel/helper-string-parser": ^7.18.10
    "@babel/helper-validator-identifier": ^7.18.6
    to-fast-properties: ^2.0.0
  checksum: 9b346715a68aeede70ba9c685a144b0b26c53bcd595d448e24c8fa8df4d5956a5712e56ebadb7c85dcc32f218ee42788e37b93d50d3295c992072224cb3ef3fe
  languageName: node
  linkType: hard

"@babel/types@npm:^7.18.2":
  version: 7.21.4
  resolution: "@babel/types@npm:7.21.4"
  dependencies:
    "@babel/helper-string-parser": ^7.19.4
    "@babel/helper-validator-identifier": ^7.19.1
    to-fast-properties: ^2.0.0
  checksum: 587bc55a91ce003b0f8aa10d70070f8006560d7dc0360dc0406d306a2cb2a10154e2f9080b9c37abec76907a90b330a536406cb75e6bdc905484f37b75c73219
  languageName: node
  linkType: hard

"@babel/types@npm:^7.8.3":
  version: 7.15.4
  resolution: "@babel/types@npm:7.15.4"
  dependencies:
    "@babel/helper-validator-identifier": ^7.14.9
    to-fast-properties: ^2.0.0
  checksum: dac7d733edf2102e97f197929693fae6025161f3edda5a0f621f69e9d0741b8596c6f2152492bef869b55d0205e214867e8730f389283e85432b8f093e295c4b
  languageName: node
  linkType: hard

"@jridgewell/gen-mapping@npm:^0.3.0":
  version: 0.3.2
  resolution: "@jridgewell/gen-mapping@npm:0.3.2"
  dependencies:
    "@jridgewell/set-array": ^1.0.1
    "@jridgewell/sourcemap-codec": ^1.4.10
    "@jridgewell/trace-mapping": ^0.3.9
  checksum: 1832707a1c476afebe4d0fbbd4b9434fdb51a4c3e009ab1e9938648e21b7a97049fa6009393bdf05cab7504108413441df26d8a3c12193996e65493a4efb6882
  languageName: node
  linkType: hard

"@jridgewell/resolve-uri@npm:3.1.0":
  version: 3.1.0
  resolution: "@jridgewell/resolve-uri@npm:3.1.0"
  checksum: b5ceaaf9a110fcb2780d1d8f8d4a0bfd216702f31c988d8042e5f8fbe353c55d9b0f55a1733afdc64806f8e79c485d2464680ac48a0d9fcadb9548ee6b81d267
  languageName: node
  linkType: hard

"@jridgewell/set-array@npm:^1.0.1":
  version: 1.1.2
  resolution: "@jridgewell/set-array@npm:1.1.2"
  checksum: 69a84d5980385f396ff60a175f7177af0b8da4ddb81824cb7016a9ef914eee9806c72b6b65942003c63f7983d4f39a5c6c27185bbca88eb4690b62075602e28e
  languageName: node
  linkType: hard

"@jridgewell/sourcemap-codec@npm:1.4.14, @jridgewell/sourcemap-codec@npm:^1.4.10":
  version: 1.4.14
  resolution: "@jridgewell/sourcemap-codec@npm:1.4.14"
  checksum: 61100637b6d173d3ba786a5dff019e1a74b1f394f323c1fee337ff390239f053b87266c7a948777f4b1ee68c01a8ad0ab61e5ff4abb5a012a0b091bec391ab97
  languageName: node
  linkType: hard

"@jridgewell/trace-mapping@npm:^0.3.9":
  version: 0.3.17
  resolution: "@jridgewell/trace-mapping@npm:0.3.17"
  dependencies:
    "@jridgewell/resolve-uri": 3.1.0
    "@jridgewell/sourcemap-codec": 1.4.14
  checksum: 9d703b859cff5cd83b7308fd457a431387db5db96bd781a63bf48e183418dd9d3d44e76b9e4ae13237f6abeeb25d739ec9215c1d5bfdd08f66f750a50074a339
  languageName: node
  linkType: hard

"@nodelib/fs.scandir@npm:2.1.3":
  version: 2.1.3
  resolution: "@nodelib/fs.scandir@npm:2.1.3"
  dependencies:
    "@nodelib/fs.stat": 2.0.3
    run-parallel: ^1.1.9
  checksum: 0054efbba1385629886fe017d99f7045cb8300d6de1923f7a37e05e480c853abbedaff90f6a6b88fd0d406e1cd1e97fb60bd4e059b44468b174f46bef2e21dd1
  languageName: node
  linkType: hard

"@nodelib/fs.stat@npm:2.0.3, @nodelib/fs.stat@npm:^2.0.2":
  version: 2.0.3
  resolution: "@nodelib/fs.stat@npm:2.0.3"
  checksum: d3612efceea83fb0bec4e64967888ff0c3e5fbbae96121bc526bbbe5529f32fc6f8a785b550f397d20f09c84dc1e5a6c8e9fd7f9b8b62387a8f80f680be8430e
  languageName: node
  linkType: hard

"@nodelib/fs.walk@npm:^1.2.3":
  version: 1.2.4
  resolution: "@nodelib/fs.walk@npm:1.2.4"
  dependencies:
    "@nodelib/fs.scandir": 2.1.3
    fastq: ^1.6.0
  checksum: a971d1dcc1cf593e25651738e915be201053b63775c39c1ee221d2adee6316503ad6043136ceda0e099724875f2d72ea04b3b57c0e3a20b7f280bd3e951ae2e4
  languageName: node
  linkType: hard

"@types/color-name@npm:^1.1.1":
  version: 1.1.1
  resolution: "@types/color-name@npm:1.1.1"
  checksum: b71fcad728cc68abcba1d405742134410c8f8eb3c2ef18113b047afca158ad23a4f2c229bcf71a38f4a818dead375c45b20db121d0e69259c2d81e97a740daa6
  languageName: node
  linkType: hard

"@types/yargs-parser@npm:*":
  version: 21.0.0
  resolution: "@types/yargs-parser@npm:21.0.0"
  checksum: b2f4c8d12ac18a567440379909127cf2cec393daffb73f246d0a25df36ea983b93b7e9e824251f959e9f928cbc7c1aab6728d0a0ff15d6145f66cec2be67d9a2
  languageName: node
  linkType: hard

"@types/yargs@npm:17.0.24":
  version: 17.0.24
  resolution: "@types/yargs@npm:17.0.24"
  dependencies:
    "@types/yargs-parser": "*"
  checksum: 5f3ac4dc4f6e211c1627340160fbe2fd247ceba002190da6cf9155af1798450501d628c9165a183f30a224fc68fa5e700490d740ff4c73e2cdef95bc4e8ba7bf
  languageName: node
  linkType: hard

"agent-base@npm:6":
  version: 6.0.2
  resolution: "agent-base@npm:6.0.2"
  dependencies:
    debug: 4
  checksum: f52b6872cc96fd5f622071b71ef200e01c7c4c454ee68bc9accca90c98cfb39f2810e3e9aa330435835eedc8c23f4f8a15267f67c6e245d2b33757575bdac49d
  languageName: node
  linkType: hard

"ansi-colors@npm:^4.1.1":
  version: 4.1.1
  resolution: "ansi-colors@npm:4.1.1"
  checksum: 138d04a51076cb085da0a7e2d000c5c0bb09f6e772ed5c65c53cb118d37f6c5f1637506d7155fb5f330f0abcf6f12fa2e489ac3f8cdab9da393bf1bb4f9a32b0
  languageName: node
  linkType: hard

"ansi-regex@npm:^5.0.0":
  version: 5.0.0
  resolution: "ansi-regex@npm:5.0.0"
  checksum: b1bb4e992a5d96327bb4f72eaba9f8047f1d808d273ad19d399e266bfcc7fb19a4d1a127a32f7bc61fe46f1a94a4d04ec4c424e3fbe184929aa866323d8ed4ce
  languageName: node
  linkType: hard

"ansi-regex@npm:^5.0.1":
  version: 5.0.1
  resolution: "ansi-regex@npm:5.0.1"
  checksum: 2aa4bb54caf2d622f1afdad09441695af2a83aa3fe8b8afa581d205e57ed4261c183c4d3877cee25794443fde5876417d859c108078ab788d6af7e4fe52eb66b
  languageName: node
  linkType: hard

"ansi-styles@npm:^4.0.0, ansi-styles@npm:^4.1.0":
  version: 4.2.0
  resolution: "ansi-styles@npm:4.2.0"
  dependencies:
    "@types/color-name": ^1.1.1
    color-convert: ^2.0.1
  checksum: 97f0f21a77f1e120cc51e439d5c05847269ee7667267b83cffdacb5987f82560a7e0dadae4f31e02795ff601ccba1320b40e9760eda1ec67129343a407027a1a
  languageName: node
  linkType: hard

"array-union@npm:^2.1.0":
  version: 2.1.0
  resolution: "array-union@npm:2.1.0"
  checksum: 5bee12395cba82da674931df6d0fea23c4aa4660cb3b338ced9f828782a65caa232573e6bf3968f23e0c5eb301764a382cef2f128b170a9dc59de0e36c39f98d
  languageName: node
  linkType: hard

"at-least-node@npm:^1.0.0":
  version: 1.0.0
  resolution: "at-least-node@npm:1.0.0"
  checksum: 463e2f8e43384f1afb54bc68485c436d7622acec08b6fad269b421cb1d29cebb5af751426793d0961ed243146fe4dc983402f6d5a51b720b277818dbf6f2e49e
  languageName: node
  linkType: hard

"bandersnatch@npm:^1.9.2":
  version: 1.12.3
  resolution: "bandersnatch@npm:1.12.3"
  dependencies:
    "@types/yargs": 17.0.24
    enquirer: ^2.3.6
    string-argv: ^0.3.1
    typed-emitter: ^2.1.0
    yargs: ^17.5.1
  checksum: fbc10acacdd9f3565b7d0cefb46324c2cb4f14ca25144c2c330f6496dd75125c96bc619f4b567f01b399d81bcaf7065b78dc9ca32b26981dd0d4580acd793d90
  languageName: node
  linkType: hard

"base64-js@npm:^1.3.1":
  version: 1.5.1
  resolution: "base64-js@npm:1.5.1"
  checksum: 669632eb3745404c2f822a18fc3a0122d2f9a7a13f7fb8b5823ee19d1d2ff9ee5b52c53367176ea4ad093c332fd5ab4bd0ebae5a8e27917a4105a4cfc86b1005
  languageName: node
  linkType: hard

"bl@npm:^4.0.3":
  version: 4.1.0
  resolution: "bl@npm:4.1.0"
  dependencies:
    buffer: ^5.5.0
    inherits: ^2.0.4
    readable-stream: ^3.4.0
  checksum: 9e8521fa7e83aa9427c6f8ccdcba6e8167ef30cc9a22df26effcc5ab682ef91d2cbc23a239f945d099289e4bbcfae7a192e9c28c84c6202e710a0dfec3722662
  languageName: node
  linkType: hard

"braces@npm:^3.0.1":
  version: 3.0.2
  resolution: "braces@npm:3.0.2"
  dependencies:
    fill-range: ^7.0.1
  checksum: e2a8e769a863f3d4ee887b5fe21f63193a891c68b612ddb4b68d82d1b5f3ff9073af066c343e9867a393fe4c2555dcb33e89b937195feb9c1613d259edfcd459
  languageName: node
  linkType: hard

"buffer@npm:^5.5.0":
  version: 5.7.1
  resolution: "buffer@npm:5.7.1"
  dependencies:
    base64-js: ^1.3.1
    ieee754: ^1.1.13
  checksum: e2cf8429e1c4c7b8cbd30834ac09bd61da46ce35f5c22a78e6c2f04497d6d25541b16881e30a019c6fd3154150650ccee27a308eff3e26229d788bbdeb08ab84
  languageName: node
  linkType: hard

"chalk@npm:^4.1.2":
  version: 4.1.2
  resolution: "chalk@npm:4.1.2"
  dependencies:
    ansi-styles: ^4.1.0
    supports-color: ^7.1.0
  checksum: fe75c9d5c76a7a98d45495b91b2172fa3b7a09e0cc9370e5c8feb1c567b85c4288e2b3fded7cfdd7359ac28d6b3844feb8b82b8686842e93d23c827c417e83fc
  languageName: node
  linkType: hard

"chownr@npm:^1.1.1":
  version: 1.1.4
  resolution: "chownr@npm:1.1.4"
  checksum: 115648f8eb38bac5e41c3857f3e663f9c39ed6480d1349977c4d96c95a47266fcacc5a5aabf3cb6c481e22d72f41992827db47301851766c4fd77ac21a4f081d
  languageName: node
  linkType: hard

"cliui@npm:^7.0.2":
  version: 7.0.4
  resolution: "cliui@npm:7.0.4"
  dependencies:
    string-width: ^4.2.0
    strip-ansi: ^6.0.0
    wrap-ansi: ^7.0.0
  checksum: ce2e8f578a4813806788ac399b9e866297740eecd4ad1823c27fd344d78b22c5f8597d548adbcc46f0573e43e21e751f39446c5a5e804a12aace402b7a315d7f
  languageName: node
  linkType: hard

"cliui@npm:^8.0.1":
  version: 8.0.1
  resolution: "cliui@npm:8.0.1"
  dependencies:
    string-width: ^4.2.0
    strip-ansi: ^6.0.1
    wrap-ansi: ^7.0.0
  checksum: 79648b3b0045f2e285b76fb2e24e207c6db44323581e421c3acbd0e86454cba1b37aea976ab50195a49e7384b871e6dfb2247ad7dec53c02454ac6497394cb56
  languageName: node
  linkType: hard

"color-convert@npm:^2.0.1":
  version: 2.0.1
  resolution: "color-convert@npm:2.0.1"
  dependencies:
    color-name: ~1.1.4
  checksum: 79e6bdb9fd479a205c71d89574fccfb22bd9053bd98c6c4d870d65c132e5e904e6034978e55b43d69fcaa7433af2016ee203ce76eeba9cfa554b373e7f7db336
  languageName: node
  linkType: hard

"color-name@npm:~1.1.4":
  version: 1.1.4
  resolution: "color-name@npm:1.1.4"
  checksum: b0445859521eb4021cd0fb0cc1a75cecf67fceecae89b63f62b201cca8d345baf8b952c966862a9d9a2632987d4f6581f0ec8d957dfacece86f0a7919316f610
  languageName: node
  linkType: hard

"core-util-is@npm:~1.0.0":
  version: 1.0.2
  resolution: "core-util-is@npm:1.0.2"
  checksum: 7a4c925b497a2c91421e25bf76d6d8190f0b2359a9200dbeed136e63b2931d6294d3b1893eda378883ed363cd950f44a12a401384c609839ea616befb7927dab
  languageName: node
  linkType: hard

"debug@npm:4":
  version: 4.3.2
  resolution: "debug@npm:4.3.2"
  dependencies:
    ms: 2.1.2
  peerDependenciesMeta:
    supports-color:
      optional: true
  checksum: 820ea160e267e23c953c9ed87e7ad93494d8cda2f7349af5e7e3bb236d23707ee3022f477d5a7d2ee86ef2bf7d60aa9ab22d1f58080d7deb9dccd073585e1e43
  languageName: node
  linkType: hard

"decompress-response@npm:^6.0.0":
  version: 6.0.0
  resolution: "decompress-response@npm:6.0.0"
  dependencies:
    mimic-response: ^3.1.0
  checksum: d377cf47e02d805e283866c3f50d3d21578b779731e8c5072d6ce8c13cc31493db1c2f6784da9d1d5250822120cefa44f1deab112d5981015f2e17444b763812
  languageName: node
  linkType: hard

"deep-extend@npm:^0.6.0":
  version: 0.6.0
  resolution: "deep-extend@npm:0.6.0"
  checksum: 7be7e5a8d468d6b10e6a67c3de828f55001b6eb515d014f7aeb9066ce36bd5717161eb47d6a0f7bed8a9083935b465bc163ee2581c8b128d29bf61092fdf57a7
  languageName: node
  linkType: hard

"detect-libc@npm:^2.0.0":
  version: 2.0.1
  resolution: "detect-libc@npm:2.0.1"
  checksum: ccb05fcabbb555beb544d48080179c18523a343face9ee4e1a86605a8715b4169f94d663c21a03c310ac824592f2ba9a5270218819bb411ad7be578a527593d7
  languageName: node
  linkType: hard

"dir-glob@npm:^3.0.1":
  version: 3.0.1
  resolution: "dir-glob@npm:3.0.1"
  dependencies:
    path-type: ^4.0.0
  checksum: fa05e18324510d7283f55862f3161c6759a3f2f8dbce491a2fc14c8324c498286c54282c1f0e933cb930da8419b30679389499b919122952a4f8592362ef4615
  languageName: node
  linkType: hard

"echo@workspace:.":
  version: 0.0.0-use.local
  resolution: "echo@workspace:."
  dependencies:
    bandersnatch: ^1.9.2
    pkg: ^5.5.2
    typescript: ^5.0.3
  bin:
    echo: echo.js
  languageName: unknown
  linkType: soft

"emoji-regex@npm:^8.0.0":
  version: 8.0.0
  resolution: "emoji-regex@npm:8.0.0"
  checksum: d4c5c39d5a9868b5fa152f00cada8a936868fd3367f33f71be515ecee4c803132d11b31a6222b2571b1e5f7e13890156a94880345594d0ce7e3c9895f560f192
  languageName: node
  linkType: hard

"end-of-stream@npm:^1.1.0, end-of-stream@npm:^1.4.1":
  version: 1.4.4
  resolution: "end-of-stream@npm:1.4.4"
  dependencies:
    once: ^1.4.0
  checksum: 530a5a5a1e517e962854a31693dbb5c0b2fc40b46dad2a56a2deec656ca040631124f4795823acc68238147805f8b021abbe221f4afed5ef3c8e8efc2024908b
  languageName: node
  linkType: hard

"enquirer@npm:^2.3.6":
  version: 2.3.6
  resolution: "enquirer@npm:2.3.6"
  dependencies:
    ansi-colors: ^4.1.1
  checksum: 1c0911e14a6f8d26721c91e01db06092a5f7675159f0261d69c403396a385afd13dd76825e7678f66daffa930cfaa8d45f506fb35f818a2788463d022af1b884
  languageName: node
  linkType: hard

"escalade@npm:^3.1.1":
  version: 3.1.1
  resolution: "escalade@npm:3.1.1"
  checksum: a3e2a99f07acb74b3ad4989c48ca0c3140f69f923e56d0cba0526240ee470b91010f9d39001f2a4a313841d237ede70a729e92125191ba5d21e74b106800b133
  languageName: node
  linkType: hard

"expand-template@npm:^2.0.3":
  version: 2.0.3
  resolution: "expand-template@npm:2.0.3"
  checksum: 588c19847216421ed92befb521767b7018dc88f88b0576df98cb242f20961425e96a92cbece525ef28cc5becceae5d544ae0f5b9b5e2aa05acb13716ca5b3099
  languageName: node
  linkType: hard

"fast-glob@npm:^3.2.9":
  version: 3.2.11
  resolution: "fast-glob@npm:3.2.11"
  dependencies:
    "@nodelib/fs.stat": ^2.0.2
    "@nodelib/fs.walk": ^1.2.3
    glob-parent: ^5.1.2
    merge2: ^1.3.0
    micromatch: ^4.0.4
  checksum: f473105324a7780a20c06de842e15ddbb41d3cb7e71d1e4fe6e8373204f22245d54f5ab9e2061e6a1c613047345954d29b022e0e76f5c28b1df9858179a0e6d7
  languageName: node
  linkType: hard

"fastq@npm:^1.6.0":
  version: 1.6.0
  resolution: "fastq@npm:1.6.0"
  dependencies:
    reusify: ^1.0.0
  checksum: e643b1c3046cea208e0aeb5ab9601b0d53f55d5a00efad2e8e4149f6be08d6a351c2a9521bc089a80df91c5616d1716c105d601c431afd83814a09edf5e0e29e
  languageName: node
  linkType: hard

"fill-range@npm:^7.0.1":
  version: 7.0.1
  resolution: "fill-range@npm:7.0.1"
  dependencies:
    to-regex-range: ^5.0.1
  checksum: cc283f4e65b504259e64fd969bcf4def4eb08d85565e906b7d36516e87819db52029a76b6363d0f02d0d532f0033c9603b9e2d943d56ee3b0d4f7ad3328ff917
  languageName: node
  linkType: hard

"from2@npm:^2.3.0":
  version: 2.3.0
  resolution: "from2@npm:2.3.0"
  dependencies:
    inherits: ^2.0.1
    readable-stream: ^2.0.0
  checksum: 6080eba0793dce32f475141fb3d54cc15f84ee52e420ee22ac3ab0ad639dc95a1875bc6eb9c0e1140e94972a36a89dc5542491b85f1ab8df0c126241e0f1a61b
  languageName: node
  linkType: hard

"fs-constants@npm:^1.0.0":
  version: 1.0.0
  resolution: "fs-constants@npm:1.0.0"
  checksum: 18f5b718371816155849475ac36c7d0b24d39a11d91348cfcb308b4494824413e03572c403c86d3a260e049465518c4f0d5bd00f0371cdfcad6d4f30a85b350d
  languageName: node
  linkType: hard

"fs-extra@npm:^9.1.0":
  version: 9.1.0
  resolution: "fs-extra@npm:9.1.0"
  dependencies:
    at-least-node: ^1.0.0
    graceful-fs: ^4.2.0
    jsonfile: ^6.0.1
    universalify: ^2.0.0
  checksum: ba71ba32e0faa74ab931b7a0031d1523c66a73e225de7426e275e238e312d07313d2da2d33e34a52aa406c8763ade5712eb3ec9ba4d9edce652bcacdc29e6b20
  languageName: node
  linkType: hard

"function-bind@npm:^1.1.1":
  version: 1.1.1
  resolution: "function-bind@npm:1.1.1"
  checksum: b32fbaebb3f8ec4969f033073b43f5c8befbb58f1a79e12f1d7490358150359ebd92f49e72ff0144f65f2c48ea2a605bff2d07965f548f6474fd8efd95bf361a
  languageName: node
  linkType: hard

"get-caller-file@npm:^2.0.5":
  version: 2.0.5
  resolution: "get-caller-file@npm:2.0.5"
  checksum: b9769a836d2a98c3ee734a88ba712e62703f1df31b94b784762c433c27a386dd6029ff55c2a920c392e33657d80191edbf18c61487e198844844516f843496b9
  languageName: node
  linkType: hard

"github-from-package@npm:0.0.0":
  version: 0.0.0
  resolution: "github-from-package@npm:0.0.0"
  checksum: 14e448192a35c1e42efee94c9d01a10f42fe790375891a24b25261246ce9336ab9df5d274585aedd4568f7922246c2a78b8a8cd2571bfe99c693a9718e7dd0e3
  languageName: node
  linkType: hard

"glob-parent@npm:^5.1.2":
  version: 5.1.2
  resolution: "glob-parent@npm:5.1.2"
  dependencies:
    is-glob: ^4.0.1
  checksum: f4f2bfe2425296e8a47e36864e4f42be38a996db40420fe434565e4480e3322f18eb37589617a98640c5dc8fdec1a387007ee18dbb1f3f5553409c34d17f425e
  languageName: node
  linkType: hard

"globby@npm:^11.1.0":
  version: 11.1.0
  resolution: "globby@npm:11.1.0"
  dependencies:
    array-union: ^2.1.0
    dir-glob: ^3.0.1
    fast-glob: ^3.2.9
    ignore: ^5.2.0
    merge2: ^1.4.1
    slash: ^3.0.0
  checksum: b4be8885e0cfa018fc783792942d53926c35c50b3aefd3fdcfb9d22c627639dc26bd2327a40a0b74b074100ce95bb7187bfeae2f236856aa3de183af7a02aea6
  languageName: node
  linkType: hard

"graceful-fs@npm:^4.1.6, graceful-fs@npm:^4.2.0":
  version: 4.2.3
  resolution: "graceful-fs@npm:4.2.3"
  checksum: ec1f6a7027dfd4f6b69a15b2c78493d7211e88a8c0fdb6d93aa504f8f6b5353abac6ba0a202aedb9d970be22c2c257a1481426913ae0166bdc8bb8f3bed378dc
  languageName: node
  linkType: hard

"has-flag@npm:^4.0.0":
  version: 4.0.0
  resolution: "has-flag@npm:4.0.0"
  checksum: 261a1357037ead75e338156b1f9452c016a37dcd3283a972a30d9e4a87441ba372c8b81f818cd0fbcd9c0354b4ae7e18b9e1afa1971164aef6d18c2b6095a8ad
  languageName: node
  linkType: hard

"has@npm:^1.0.3":
  version: 1.0.3
  resolution: "has@npm:1.0.3"
  dependencies:
    function-bind: ^1.1.1
  checksum: b9ad53d53be4af90ce5d1c38331e712522417d017d5ef1ebd0507e07c2fbad8686fffb8e12ddecd4c39ca9b9b47431afbb975b8abf7f3c3b82c98e9aad052792
  languageName: node
  linkType: hard

"https-proxy-agent@npm:^5.0.0":
  version: 5.0.0
  resolution: "https-proxy-agent@npm:5.0.0"
  dependencies:
    agent-base: 6
    debug: 4
  checksum: 165bfb090bd26d47693597661298006841ab733d0c7383a8cb2f17373387a94c903a3ac687090aa739de05e379ab6f868bae84ab4eac288ad85c328cd1ec9e53
  languageName: node
  linkType: hard

"ieee754@npm:^1.1.13":
  version: 1.2.1
  resolution: "ieee754@npm:1.2.1"
  checksum: 5144c0c9815e54ada181d80a0b810221a253562422e7c6c3a60b1901154184f49326ec239d618c416c1c5945a2e197107aee8d986a3dd836b53dffefd99b5e7e
  languageName: node
  linkType: hard

"ignore@npm:^5.2.0":
  version: 5.2.0
  resolution: "ignore@npm:5.2.0"
  checksum: 6b1f926792d614f64c6c83da3a1f9c83f6196c2839aa41e1e32dd7b8d174cef2e329d75caabb62cb61ce9dc432f75e67d07d122a037312db7caa73166a1bdb77
  languageName: node
  linkType: hard

"inherits@npm:^2.0.1, inherits@npm:^2.0.3, inherits@npm:^2.0.4, inherits@npm:~2.0.3":
  version: 2.0.4
  resolution: "inherits@npm:2.0.4"
  checksum: 4a48a733847879d6cf6691860a6b1e3f0f4754176e4d71494c41f3475553768b10f84b5ce1d40fbd0e34e6bfbb864ee35858ad4dd2cf31e02fc4a154b724d7f1
  languageName: node
  linkType: hard

"ini@npm:~1.3.0":
  version: 1.3.8
  resolution: "ini@npm:1.3.8"
  checksum: dfd98b0ca3a4fc1e323e38a6c8eb8936e31a97a918d3b377649ea15bdb15d481207a0dda1021efbd86b464cae29a0d33c1d7dcaf6c5672bee17fa849bc50a1b3
  languageName: node
  linkType: hard

"into-stream@npm:^6.0.0":
  version: 6.0.0
  resolution: "into-stream@npm:6.0.0"
  dependencies:
    from2: ^2.3.0
    p-is-promise: ^3.0.0
  checksum: 8df24c9eadd7cdd1cbc160bc20914b961dfd0ca29767785b69e698f799e85466b6f7c637d237dca1472d09d333399f70cc05a2fb8d08cb449dc9a80d92193980
  languageName: node
  linkType: hard

"is-core-module@npm:2.9.0":
  version: 2.9.0
  resolution: "is-core-module@npm:2.9.0"
  dependencies:
    has: ^1.0.3
  checksum: b27034318b4b462f1c8f1dfb1b32baecd651d891a4e2d1922135daeff4141dfced2b82b07aef83ef54275c4a3526aa38da859223664d0868ca24182badb784ce
  languageName: node
  linkType: hard

"is-core-module@npm:^2.9.0":
  version: 2.11.0
  resolution: "is-core-module@npm:2.11.0"
  dependencies:
    has: ^1.0.3
  checksum: f96fd490c6b48eb4f6d10ba815c6ef13f410b0ba6f7eb8577af51697de523e5f2cd9de1c441b51d27251bf0e4aebc936545e33a5d26d5d51f28d25698d4a8bab
  languageName: node
  linkType: hard

"is-extglob@npm:^2.1.1":
  version: 2.1.1
  resolution: "is-extglob@npm:2.1.1"
  checksum: df033653d06d0eb567461e58a7a8c9f940bd8c22274b94bf7671ab36df5719791aae15eef6d83bbb5e23283967f2f984b8914559d4449efda578c775c4be6f85
  languageName: node
  linkType: hard

"is-fullwidth-code-point@npm:^3.0.0":
  version: 3.0.0
  resolution: "is-fullwidth-code-point@npm:3.0.0"
  checksum: 44a30c29457c7fb8f00297bce733f0a64cd22eca270f83e58c105e0d015e45c019491a4ab2faef91ab51d4738c670daff901c799f6a700e27f7314029e99e348
  languageName: node
  linkType: hard

"is-glob@npm:^4.0.1":
  version: 4.0.1
  resolution: "is-glob@npm:4.0.1"
  dependencies:
    is-extglob: ^2.1.1
  checksum: 84627cad11b4e745f5db5a163f32c47b711585a5ff6e14f8f8d026db87f4cdd3e2c95f6fa1f94ad22e469f36d819ae2814f03f9c668b164422ac3354a94672d3
  languageName: node
  linkType: hard

"is-number@npm:^7.0.0":
  version: 7.0.0
  resolution: "is-number@npm:7.0.0"
  checksum: 456ac6f8e0f3111ed34668a624e45315201dff921e5ac181f8ec24923b99e9f32ca1a194912dc79d539c97d33dba17dc635202ff0b2cf98326f608323276d27a
  languageName: node
  linkType: hard

"isarray@npm:~1.0.0":
  version: 1.0.0
  resolution: "isarray@npm:1.0.0"
  checksum: f032df8e02dce8ec565cf2eb605ea939bdccea528dbcf565cdf92bfa2da9110461159d86a537388ef1acef8815a330642d7885b29010e8f7eac967c9993b65ab
  languageName: node
  linkType: hard

"jsesc@npm:^2.5.1":
  version: 2.5.2
  resolution: "jsesc@npm:2.5.2"
  bin:
    jsesc: bin/jsesc
  checksum: 4dc190771129e12023f729ce20e1e0bfceac84d73a85bc3119f7f938843fe25a4aeccb54b6494dce26fcf263d815f5f31acdefac7cc9329efb8422a4f4d9fa9d
  languageName: node
  linkType: hard

"jsonfile@npm:^6.0.1":
  version: 6.1.0
  resolution: "jsonfile@npm:6.1.0"
  dependencies:
    graceful-fs: ^4.1.6
    universalify: ^2.0.0
  dependenciesMeta:
    graceful-fs:
      optional: true
  checksum: 7af3b8e1ac8fe7f1eccc6263c6ca14e1966fcbc74b618d3c78a0a2075579487547b94f72b7a1114e844a1e15bb00d440e5d1720bfc4612d790a6f285d5ea8354
  languageName: node
  linkType: hard

"lru-cache@npm:^6.0.0":
  version: 6.0.0
  resolution: "lru-cache@npm:6.0.0"
  dependencies:
    yallist: ^4.0.0
  checksum: f97f499f898f23e4585742138a22f22526254fdba6d75d41a1c2526b3b6cc5747ef59c5612ba7375f42aca4f8461950e925ba08c991ead0651b4918b7c978297
  languageName: node
  linkType: hard

"merge2@npm:^1.3.0":
  version: 1.3.0
  resolution: "merge2@npm:1.3.0"
  checksum: bff71d47cd8c01edf2222f205f1c312cae0082e2c05b06123b0990605447dc395208367bb1d1635caec6083d3e6bb0756df05ac24cdc15cb630d5af6daa8eb7c
  languageName: node
  linkType: hard

"merge2@npm:^1.4.1":
  version: 1.4.1
  resolution: "merge2@npm:1.4.1"
  checksum: 7268db63ed5169466540b6fb947aec313200bcf6d40c5ab722c22e242f651994619bcd85601602972d3c85bd2cc45a358a4c61937e9f11a061919a1da569b0c2
  languageName: node
  linkType: hard

"micromatch@npm:^4.0.4":
  version: 4.0.4
  resolution: "micromatch@npm:4.0.4"
  dependencies:
    braces: ^3.0.1
    picomatch: ^2.2.3
  checksum: ef3d1c88e79e0a68b0e94a03137676f3324ac18a908c245a9e5936f838079fcc108ac7170a5fadc265a9c2596963462e402841406bda1a4bb7b68805601d631c
  languageName: node
  linkType: hard

"mimic-response@npm:^3.1.0":
  version: 3.1.0
  resolution: "mimic-response@npm:3.1.0"
  checksum: 25739fee32c17f433626bf19f016df9036b75b3d84a3046c7d156e72ec963dd29d7fc8a302f55a3d6c5a4ff24259676b15d915aad6480815a969ff2ec0836867
  languageName: node
  linkType: hard

"minimist@npm:^1.2.0, minimist@npm:^1.2.3, minimist@npm:^1.2.6":
  version: 1.2.8
  resolution: "minimist@npm:1.2.8"
  checksum: 75a6d645fb122dad29c06a7597bddea977258957ed88d7a6df59b5cd3fe4a527e253e9bbf2e783e4b73657f9098b96a5fe96ab8a113655d4109108577ecf85b0
  languageName: node
  linkType: hard

"mkdirp-classic@npm:^0.5.2, mkdirp-classic@npm:^0.5.3":
  version: 0.5.3
  resolution: "mkdirp-classic@npm:0.5.3"
  checksum: 3f4e088208270bbcc148d53b73e9a5bd9eef05ad2cbf3b3d0ff8795278d50dd1d11a8ef1875ff5aea3fa888931f95bfcb2ad5b7c1061cfefd6284d199e6776ac
  languageName: node
  linkType: hard

"ms@npm:2.1.2":
  version: 2.1.2
  resolution: "ms@npm:2.1.2"
  checksum: 673cdb2c3133eb050c745908d8ce632ed2c02d85640e2edb3ace856a2266a813b30c613569bf3354fdf4ea7d1a1494add3bfa95e2713baa27d0c2c71fc44f58f
  languageName: node
  linkType: hard

"multistream@npm:^4.1.0":
  version: 4.1.0
  resolution: "multistream@npm:4.1.0"
  dependencies:
    once: ^1.4.0
    readable-stream: ^3.6.0
  checksum: 305c49a1aadcb7f63f64d8ca2bb6e7852e5f7dba94c7329e9a72ce53cd0046686b71668dc1adbf123f17d2dd107765fc946e64c36a26b15c470a3146ea3bc923
  languageName: node
  linkType: hard

"napi-build-utils@npm:^1.0.1":
  version: 1.0.2
  resolution: "napi-build-utils@npm:1.0.2"
  checksum: 06c14271ee966e108d55ae109f340976a9556c8603e888037145d6522726aebe89dd0c861b4b83947feaf6d39e79e08817559e8693deedc2c94e82c5cbd090c7
  languageName: node
  linkType: hard

"node-abi@npm:^3.3.0":
  version: 3.33.0
  resolution: "node-abi@npm:3.33.0"
  dependencies:
    semver: ^7.3.5
  checksum: 59e5e00d9a15225087b6dd55b7d4f99686a6d64a8bdbe2c9aa98f4f74554873a7225d3dc975fa32718e7695eed8abcfeaae58b03db118a01392f6d25b0469b52
  languageName: node
  linkType: hard

"node-fetch@npm:^2.6.6":
  version: 2.6.7
  resolution: "node-fetch@npm:2.6.7"
  dependencies:
    whatwg-url: ^5.0.0
  peerDependencies:
    encoding: ^0.1.0
  peerDependenciesMeta:
    encoding:
      optional: true
  checksum: 8d816ffd1ee22cab8301c7756ef04f3437f18dace86a1dae22cf81db8ef29c0bf6655f3215cb0cdb22b420b6fe141e64b26905e7f33f9377a7fa59135ea3e10b
  languageName: node
  linkType: hard

"once@npm:^1.3.1, once@npm:^1.4.0":
  version: 1.4.0
  resolution: "once@npm:1.4.0"
  dependencies:
    wrappy: 1
  checksum: cd0a88501333edd640d95f0d2700fbde6bff20b3d4d9bdc521bdd31af0656b5706570d6c6afe532045a20bb8dc0849f8332d6f2a416e0ba6d3d3b98806c7db68
  languageName: node
  linkType: hard

"p-is-promise@npm:^3.0.0":
  version: 3.0.0
  resolution: "p-is-promise@npm:3.0.0"
  checksum: 74e511225fde5eeda7a120d51c60c284de90d68dec7c73611e7e59e8d1c44cc7e2246686544515849149b74ed0571ad470a456ac0d00314f8d03d2cc1ad43aae
  languageName: node
  linkType: hard

"path-parse@npm:^1.0.7":
  version: 1.0.7
  resolution: "path-parse@npm:1.0.7"
  checksum: 49abf3d81115642938a8700ec580da6e830dde670be21893c62f4e10bd7dd4c3742ddc603fe24f898cba7eb0c6bc1777f8d9ac14185d34540c6d4d80cd9cae8a
  languageName: node
  linkType: hard

"path-type@npm:^4.0.0":
  version: 4.0.0
  resolution: "path-type@npm:4.0.0"
  checksum: 5b1e2daa247062061325b8fdbfd1fb56dde0a448fb1455453276ea18c60685bdad23a445dc148cf87bc216be1573357509b7d4060494a6fd768c7efad833ee45
  languageName: node
  linkType: hard

"picomatch@npm:^2.2.3":
  version: 2.3.0
  resolution: "picomatch@npm:2.3.0"
  checksum: 16818720ea7c5872b6af110760dee856c8e4cd79aed1c7a006d076b1cc09eff3ae41ca5019966694c33fbd2e1cc6ea617ab10e4adac6df06556168f13be3fca2
  languageName: node
  linkType: hard

"pkg-fetch@npm:3.4.2":
  version: 3.4.2
  resolution: "pkg-fetch@npm:3.4.2"
  dependencies:
    chalk: ^4.1.2
    fs-extra: ^9.1.0
    https-proxy-agent: ^5.0.0
    node-fetch: ^2.6.6
    progress: ^2.0.3
    semver: ^7.3.5
    tar-fs: ^2.1.1
    yargs: ^16.2.0
  bin:
    pkg-fetch: lib-es5/bin.js
  checksum: e0f73cedf6cb8882e4d998700031443e6542d213f9817d66deb03fb89c122ca7f7505f11401f85a760a2d3951f9b793d0f78782be220c46c56ccf70f9915812a
  languageName: node
  linkType: hard

"pkg@npm:^5.5.2":
  version: 5.8.1
  resolution: "pkg@npm:5.8.1"
  dependencies:
    "@babel/generator": 7.18.2
    "@babel/parser": 7.18.4
    "@babel/types": 7.19.0
    chalk: ^4.1.2
    fs-extra: ^9.1.0
    globby: ^11.1.0
    into-stream: ^6.0.0
    is-core-module: 2.9.0
    minimist: ^1.2.6
    multistream: ^4.1.0
    pkg-fetch: 3.4.2
    prebuild-install: 7.1.1
    resolve: ^1.22.0
    stream-meter: ^1.0.4
  peerDependencies:
    node-notifier: ">=9.0.1"
  peerDependenciesMeta:
    node-notifier:
      optional: true
  bin:
    pkg: lib-es5/bin.js
  checksum: 5e750e716c3426706ea1fbd26832faf6a3ab8376b99f20aeb9c40fd48ad48e7b51375cd077b77669f3bfbefee69cc8111f49e0ca39e353fd0fc2dff95a57f822
  languageName: node
  linkType: hard

"prebuild-install@npm:7.1.1":
  version: 7.1.1
  resolution: "prebuild-install@npm:7.1.1"
  dependencies:
    detect-libc: ^2.0.0
    expand-template: ^2.0.3
    github-from-package: 0.0.0
    minimist: ^1.2.3
    mkdirp-classic: ^0.5.3
    napi-build-utils: ^1.0.1
    node-abi: ^3.3.0
    pump: ^3.0.0
    rc: ^1.2.7
    simple-get: ^4.0.0
    tar-fs: ^2.0.0
    tunnel-agent: ^0.6.0
  bin:
    prebuild-install: bin.js
  checksum: dbf96d0146b6b5827fc8f67f72074d2e19c69628b9a7a0a17d0fad1bf37e9f06922896972e074197fc00a52eae912993e6ef5a0d471652f561df5cb516f3f467
  languageName: node
  linkType: hard

"process-nextick-args@npm:~2.0.0":
  version: 2.0.1
  resolution: "process-nextick-args@npm:2.0.1"
  checksum: 1d38588e520dab7cea67cbbe2efdd86a10cc7a074c09657635e34f035277b59fbb57d09d8638346bf7090f8e8ebc070c96fa5fd183b777fff4f5edff5e9466cf
  languageName: node
  linkType: hard

"progress@npm:^2.0.3":
  version: 2.0.3
  resolution: "progress@npm:2.0.3"
  checksum: f67403fe7b34912148d9252cb7481266a354bd99ce82c835f79070643bb3c6583d10dbcfda4d41e04bbc1d8437e9af0fb1e1f2135727878f5308682a579429b7
  languageName: node
  linkType: hard

"pump@npm:^3.0.0":
  version: 3.0.0
  resolution: "pump@npm:3.0.0"
  dependencies:
    end-of-stream: ^1.1.0
    once: ^1.3.1
  checksum: e42e9229fba14732593a718b04cb5e1cfef8254544870997e0ecd9732b189a48e1256e4e5478148ecb47c8511dca2b09eae56b4d0aad8009e6fac8072923cfc9
  languageName: node
  linkType: hard

"rc@npm:^1.2.7":
  version: 1.2.8
  resolution: "rc@npm:1.2.8"
  dependencies:
    deep-extend: ^0.6.0
    ini: ~1.3.0
    minimist: ^1.2.0
    strip-json-comments: ~2.0.1
  bin:
    rc: ./cli.js
  checksum: 2e26e052f8be2abd64e6d1dabfbd7be03f80ec18ccbc49562d31f617d0015fbdbcf0f9eed30346ea6ab789e0fdfe4337f033f8016efdbee0df5354751842080e
  languageName: node
  linkType: hard

"readable-stream@npm:^2.0.0, readable-stream@npm:^2.1.4":
  version: 2.3.6
  resolution: "readable-stream@npm:2.3.6"
  dependencies:
    core-util-is: ~1.0.0
    inherits: ~2.0.3
    isarray: ~1.0.0
    process-nextick-args: ~2.0.0
    safe-buffer: ~5.1.1
    string_decoder: ~1.1.1
    util-deprecate: ~1.0.1
  checksum: 686bbf9e2300cd24bbd71ba8999202613ef19441da9223bfe2c7da4f0dfab233302e2604846e9b8e814664ccdf365881e593da963ac9e2120abfa21f14f257fb
  languageName: node
  linkType: hard

"readable-stream@npm:^3.1.1, readable-stream@npm:^3.4.0, readable-stream@npm:^3.6.0":
  version: 3.6.0
  resolution: "readable-stream@npm:3.6.0"
  dependencies:
    inherits: ^2.0.3
    string_decoder: ^1.1.1
    util-deprecate: ^1.0.1
  checksum: d4ea81502d3799439bb955a3a5d1d808592cf3133350ed352aeaa499647858b27b1c4013984900238b0873ec8d0d8defce72469fb7a83e61d53f5ad61cb80dc8
  languageName: node
  linkType: hard

"require-directory@npm:^2.1.1":
  version: 2.1.1
  resolution: "require-directory@npm:2.1.1"
  checksum: fb47e70bf0001fdeabdc0429d431863e9475e7e43ea5f94ad86503d918423c1543361cc5166d713eaa7029dd7a3d34775af04764bebff99ef413111a5af18c80
  languageName: node
  linkType: hard

resolve@^1.22.0:
  version: 1.22.1
  resolution: "resolve@npm:1.22.1"
  dependencies:
    is-core-module: ^2.9.0
    path-parse: ^1.0.7
    supports-preserve-symlinks-flag: ^1.0.0
  bin:
    resolve: bin/resolve
  checksum: 07af5fc1e81aa1d866cbc9e9460fbb67318a10fa3c4deadc35c3ad8a898ee9a71a86a65e4755ac3195e0ea0cfbe201eb323ebe655ce90526fd61917313a34e4e
  languageName: node
  linkType: hard

"resolve@patch:resolve@^1.22.0#~builtin<compat/resolve>":
  version: 1.22.1
  resolution: "resolve@patch:resolve@npm%3A1.22.1#~builtin<compat/resolve>::version=1.22.1&hash=00b1ff"
  dependencies:
    is-core-module: ^2.9.0
    path-parse: ^1.0.7
    supports-preserve-symlinks-flag: ^1.0.0
  bin:
    resolve: bin/resolve
  checksum: d45553550a85af4c6c310a4d9790b60f1fcbdbb1b7ca93f1ad8e06424d69aa6782d59bd93a4c085777baf6159ecc1dbe432299a6027c4837de4db5851a5d3435
  languageName: node
  linkType: hard

"reusify@npm:^1.0.0":
  version: 1.0.4
  resolution: "reusify@npm:1.0.4"
  checksum: c3076ebcc22a6bc252cb0b9c77561795256c22b757f40c0d8110b1300723f15ec0fc8685e8d4ea6d7666f36c79ccc793b1939c748bf36f18f542744a4e379fcc
  languageName: node
  linkType: hard

"run-parallel@npm:^1.1.9":
  version: 1.1.9
  resolution: "run-parallel@npm:1.1.9"
  checksum: 8bbeda89c2c1dbfeaa0cdb9f17e93a011ac58ef77339ef1e61a62208b67c8e7b661891df677bb7c5be84b8792e27061177368d500b3c731bb019b0c71e667591
  languageName: node
  linkType: hard

"rxjs@npm:*":
  version: 7.5.5
  resolution: "rxjs@npm:7.5.5"
  dependencies:
    tslib: ^2.1.0
  checksum: e034f60805210cce756dd2f49664a8108780b117cf5d0e2281506e9e6387f7b4f1532d974a8c8b09314fa7a16dd2f6cff3462072a5789672b5dcb45c4173f3c6
  languageName: node
  linkType: hard

"safe-buffer@npm:^5.0.1":
  version: 5.2.0
  resolution: "safe-buffer@npm:5.2.0"
  checksum: 91d50127aeaee9b8cb1ee12c810d719e29813d1ab1ce6d1b4704cd9ca0e0bfa47455e02cf1bb238be90f2db764447f058fbaef1a1018ae8387c692615d72f86c
  languageName: node
  linkType: hard

"safe-buffer@npm:~5.1.0, safe-buffer@npm:~5.1.1":
  version: 5.1.2
  resolution: "safe-buffer@npm:5.1.2"
  checksum: f2f1f7943ca44a594893a852894055cf619c1fbcb611237fc39e461ae751187e7baf4dc391a72125e0ac4fb2d8c5c0b3c71529622e6a58f46b960211e704903c
  languageName: node
  linkType: hard

"safe-buffer@npm:~5.2.0":
  version: 5.2.1
  resolution: "safe-buffer@npm:5.2.1"
  checksum: b99c4b41fdd67a6aaf280fcd05e9ffb0813654894223afb78a31f14a19ad220bba8aba1cb14eddce1fcfb037155fe6de4e861784eb434f7d11ed58d1e70dd491
  languageName: node
  linkType: hard

"semver@npm:^7.3.5":
  version: 7.3.5
  resolution: "semver@npm:7.3.5"
  dependencies:
    lru-cache: ^6.0.0
  bin:
    semver: bin/semver.js
  checksum: 5eafe6102bea2a7439897c1856362e31cc348ccf96efd455c8b5bc2c61e6f7e7b8250dc26b8828c1d76a56f818a7ee907a36ae9fb37a599d3d24609207001d60
  languageName: node
  linkType: hard

"simple-concat@npm:^1.0.0":
  version: 1.0.1
  resolution: "simple-concat@npm:1.0.1"
  checksum: 4d211042cc3d73a718c21ac6c4e7d7a0363e184be6a5ad25c8a1502e49df6d0a0253979e3d50dbdd3f60ef6c6c58d756b5d66ac1e05cda9cacd2e9fc59e3876a
  languageName: node
  linkType: hard

"simple-get@npm:^4.0.0":
  version: 4.0.1
  resolution: "simple-get@npm:4.0.1"
  dependencies:
    decompress-response: ^6.0.0
    once: ^1.3.1
    simple-concat: ^1.0.0
  checksum: e4132fd27cf7af230d853fa45c1b8ce900cb430dd0a3c6d3829649fe4f2b26574c803698076c4006450efb0fad2ba8c5455fbb5755d4b0a5ec42d4f12b31d27e
  languageName: node
  linkType: hard

"slash@npm:^3.0.0":
  version: 3.0.0
  resolution: "slash@npm:3.0.0"
  checksum: 94a93fff615f25a999ad4b83c9d5e257a7280c90a32a7cb8b4a87996e4babf322e469c42b7f649fd5796edd8687652f3fb452a86dc97a816f01113183393f11c
  languageName: node
  linkType: hard

"stream-meter@npm:^1.0.4":
  version: 1.0.4
  resolution: "stream-meter@npm:1.0.4"
  dependencies:
    readable-stream: ^2.1.4
  checksum: a732f7ede9dadd6214083aaf4e3014d664498a56b91cdbc4e6abae59ec8ae507883f58f1f3ca7a939cdb9cc8e2320997241191e9fb8c7717f3fad9ca8cb5dc46
  languageName: node
  linkType: hard

"string-argv@npm:^0.3.1":
  version: 0.3.1
  resolution: "string-argv@npm:0.3.1"
  checksum: efbd0289b599bee808ce80820dfe49c9635610715429c6b7cc50750f0437e3c2f697c81e5c390208c13b5d5d12d904a1546172a88579f6ee5cbaaaa4dc9ec5cf
  languageName: node
  linkType: hard

"string-width@npm:^4.1.0, string-width@npm:^4.2.0":
  version: 4.2.0
  resolution: "string-width@npm:4.2.0"
  dependencies:
    emoji-regex: ^8.0.0
    is-fullwidth-code-point: ^3.0.0
    strip-ansi: ^6.0.0
  checksum: ee2c68df9a3ce4256565d2bdc8490f5706f195f88e799d3d425889264d3eff3d7984fe8b38dfc983dac948e03d8cdc737294b1c81f1528c37c9935d86b67593d
  languageName: node
  linkType: hard

"string-width@npm:^4.2.3":
  version: 4.2.3
  resolution: "string-width@npm:4.2.3"
  dependencies:
    emoji-regex: ^8.0.0
    is-fullwidth-code-point: ^3.0.0
    strip-ansi: ^6.0.1
  checksum: e52c10dc3fbfcd6c3a15f159f54a90024241d0f149cf8aed2982a2d801d2e64df0bf1dc351cf8e95c3319323f9f220c16e740b06faecd53e2462df1d2b5443fb
  languageName: node
  linkType: hard

"string_decoder@npm:^1.1.1":
  version: 1.3.0
  resolution: "string_decoder@npm:1.3.0"
  dependencies:
    safe-buffer: ~5.2.0
  checksum: 8417646695a66e73aefc4420eb3b84cc9ffd89572861fe004e6aeb13c7bc00e2f616247505d2dbbef24247c372f70268f594af7126f43548565c68c117bdeb56
  languageName: node
  linkType: hard

"string_decoder@npm:~1.1.1":
  version: 1.1.1
  resolution: "string_decoder@npm:1.1.1"
  dependencies:
    safe-buffer: ~5.1.0
  checksum: 9ab7e56f9d60a28f2be697419917c50cac19f3e8e6c28ef26ed5f4852289fe0de5d6997d29becf59028556f2c62983790c1d9ba1e2a3cc401768ca12d5183a5b
  languageName: node
  linkType: hard

"strip-ansi@npm:^6.0.0":
  version: 6.0.0
  resolution: "strip-ansi@npm:6.0.0"
  dependencies:
    ansi-regex: ^5.0.0
  checksum: 04c3239ede44c4d195b0e66c0ad58b932f08bec7d05290416d361ff908ad282ecdaf5d9731e322c84f151d427436bde01f05b7422c3ec26dd927586736b0e5d0
  languageName: node
  linkType: hard

"strip-ansi@npm:^6.0.1":
  version: 6.0.1
  resolution: "strip-ansi@npm:6.0.1"
  dependencies:
    ansi-regex: ^5.0.1
  checksum: f3cd25890aef3ba6e1a74e20896c21a46f482e93df4a06567cebf2b57edabb15133f1f94e57434e0a958d61186087b1008e89c94875d019910a213181a14fc8c
  languageName: node
  linkType: hard

"strip-json-comments@npm:~2.0.1":
  version: 2.0.1
  resolution: "strip-json-comments@npm:2.0.1"
  checksum: 1074ccb63270d32ca28edfb0a281c96b94dc679077828135141f27d52a5a398ef5e78bcf22809d23cadc2b81dfbe345eb5fd8699b385c8b1128907dec4a7d1e1
  languageName: node
  linkType: hard

"supports-color@npm:^7.1.0":
  version: 7.1.0
  resolution: "supports-color@npm:7.1.0"
  dependencies:
    has-flag: ^4.0.0
  checksum: 899480ac858a650abcca4a02ae655555270e6ace833b15a74e4a2d3456f54cd19b6b12ce14e9bac997c18dd69a0596ee65b95ba013f209dd0f99ebfe87783e41
  languageName: node
  linkType: hard

"supports-preserve-symlinks-flag@npm:^1.0.0":
  version: 1.0.0
  resolution: "supports-preserve-symlinks-flag@npm:1.0.0"
  checksum: 53b1e247e68e05db7b3808b99b892bd36fb096e6fba213a06da7fab22045e97597db425c724f2bbd6c99a3c295e1e73f3e4de78592289f38431049e1277ca0ae
  languageName: node
  linkType: hard

"tar-fs@npm:^2.0.0, tar-fs@npm:^2.1.1":
  version: 2.1.1
  resolution: "tar-fs@npm:2.1.1"
  dependencies:
    chownr: ^1.1.1
    mkdirp-classic: ^0.5.2
    pump: ^3.0.0
    tar-stream: ^2.1.4
  checksum: f5b9a70059f5b2969e65f037b4e4da2daf0fa762d3d232ffd96e819e3f94665dbbbe62f76f084f1acb4dbdcce16c6e4dac08d12ffc6d24b8d76720f4d9cf032d
  languageName: node
  linkType: hard

"tar-stream@npm:^2.1.4":
  version: 2.2.0
  resolution: "tar-stream@npm:2.2.0"
  dependencies:
    bl: ^4.0.3
    end-of-stream: ^1.4.1
    fs-constants: ^1.0.0
    inherits: ^2.0.3
    readable-stream: ^3.1.1
  checksum: 699831a8b97666ef50021c767f84924cfee21c142c2eb0e79c63254e140e6408d6d55a065a2992548e72b06de39237ef2b802b99e3ece93ca3904a37622a66f3
  languageName: node
  linkType: hard

"to-fast-properties@npm:^2.0.0":
  version: 2.0.0
  resolution: "to-fast-properties@npm:2.0.0"
  checksum: be2de62fe58ead94e3e592680052683b1ec986c72d589e7b21e5697f8744cdbf48c266fa72f6c15932894c10187b5f54573a3bcf7da0bfd964d5caf23d436168
  languageName: node
  linkType: hard

"to-regex-range@npm:^5.0.1":
  version: 5.0.1
  resolution: "to-regex-range@npm:5.0.1"
  dependencies:
    is-number: ^7.0.0
  checksum: f76fa01b3d5be85db6a2a143e24df9f60dd047d151062d0ba3df62953f2f697b16fe5dad9b0ac6191c7efc7b1d9dcaa4b768174b7b29da89d4428e64bc0a20ed
  languageName: node
  linkType: hard

"tr46@npm:~0.0.3":
  version: 0.0.3
  resolution: "tr46@npm:0.0.3"
  checksum: 726321c5eaf41b5002e17ffbd1fb7245999a073e8979085dacd47c4b4e8068ff5777142fc6726d6ca1fd2ff16921b48788b87225cbc57c72636f6efa8efbffe3
  languageName: node
  linkType: hard

"tslib@npm:^2.1.0":
  version: 2.3.1
  resolution: "tslib@npm:2.3.1"
  checksum: de17a98d4614481f7fcb5cd53ffc1aaf8654313be0291e1bfaee4b4bb31a20494b7d218ff2e15017883e8ea9626599b3b0e0229c18383ba9dce89da2adf15cb9
  languageName: node
  linkType: hard

"tunnel-agent@npm:^0.6.0":
  version: 0.6.0
  resolution: "tunnel-agent@npm:0.6.0"
  dependencies:
    safe-buffer: ^5.0.1
  checksum: 05f6510358f8afc62a057b8b692f05d70c1782b70db86d6a1e0d5e28a32389e52fa6e7707b6c5ecccacc031462e4bc35af85ecfe4bbc341767917b7cf6965711
  languageName: node
  linkType: hard

"typed-emitter@npm:^2.1.0":
  version: 2.1.0
  resolution: "typed-emitter@npm:2.1.0"
  dependencies:
    rxjs: "*"
  dependenciesMeta:
    rxjs:
      optional: true
  checksum: 95821a9e05784b972cc9d152891fd12a56cb4b1a7c57e768c02bea6a8984da7aff8f19404a7b69eea11fae2a3b6c0c510a4c510f575f50162c759ae9059f2520
  languageName: node
  linkType: hard

typescript@^5.0.3:
  version: 5.0.4
  resolution: "typescript@npm:5.0.4"
  bin:
    tsc: bin/tsc
    tsserver: bin/tsserver
  checksum: 82b94da3f4604a8946da585f7d6c3025fff8410779e5bde2855ab130d05e4fd08938b9e593b6ebed165bda6ad9292b230984f10952cf82f0a0ca07bbeaa08172
  languageName: node
  linkType: hard

"typescript@patch:typescript@^5.0.3#~builtin<compat/typescript>":
  version: 5.0.4
  resolution: "typescript@patch:typescript@npm%3A5.0.4#~builtin<compat/typescript>::version=5.0.4&hash=32657b"
  bin:
    tsc: bin/tsc
    tsserver: bin/tsserver
  checksum: eef93a07f84515b99738b7ea20d343036475c5623dd0f819a56609c676b1894493a83ce2f033791b0320dbca1ffacfbcb8c82a384d78539a531163f627f99d87
  languageName: node
  linkType: hard

"universalify@npm:^2.0.0":
  version: 2.0.0
  resolution: "universalify@npm:2.0.0"
  checksum: 2406a4edf4a8830aa6813278bab1f953a8e40f2f63a37873ffa9a3bc8f9745d06cc8e88f3572cb899b7e509013f7f6fcc3e37e8a6d914167a5381d8440518c44
  languageName: node
  linkType: hard

"util-deprecate@npm:^1.0.1, util-deprecate@npm:~1.0.1":
  version: 1.0.2
  resolution: "util-deprecate@npm:1.0.2"
  checksum: 474acf1146cb2701fe3b074892217553dfcf9a031280919ba1b8d651a068c9b15d863b7303cb15bd00a862b498e6cf4ad7b4a08fb134edd5a6f7641681cb54a2
  languageName: node
  linkType: hard

"webidl-conversions@npm:^3.0.0":
  version: 3.0.1
  resolution: "webidl-conversions@npm:3.0.1"
  checksum: c92a0a6ab95314bde9c32e1d0a6dfac83b578f8fa5f21e675bc2706ed6981bc26b7eb7e6a1fab158e5ce4adf9caa4a0aee49a52505d4d13c7be545f15021b17c
  languageName: node
  linkType: hard

"whatwg-url@npm:^5.0.0":
  version: 5.0.0
  resolution: "whatwg-url@npm:5.0.0"
  dependencies:
    tr46: ~0.0.3
    webidl-conversions: ^3.0.0
  checksum: b8daed4ad3356cc4899048a15b2c143a9aed0dfae1f611ebd55073310c7b910f522ad75d727346ad64203d7e6c79ef25eafd465f4d12775ca44b90fa82ed9e2c
  languageName: node
  linkType: hard

"wrap-ansi@npm:^7.0.0":
  version: 7.0.0
  resolution: "wrap-ansi@npm:7.0.0"
  dependencies:
    ansi-styles: ^4.0.0
    string-width: ^4.1.0
    strip-ansi: ^6.0.0
  checksum: a790b846fd4505de962ba728a21aaeda189b8ee1c7568ca5e817d85930e06ef8d1689d49dbf0e881e8ef84436af3a88bc49115c2e2788d841ff1b8b5b51a608b
  languageName: node
  linkType: hard

"wrappy@npm:1":
  version: 1.0.2
  resolution: "wrappy@npm:1.0.2"
  checksum: 159da4805f7e84a3d003d8841557196034155008f817172d4e986bd591f74aa82aa7db55929a54222309e01079a65a92a9e6414da5a6aa4b01ee44a511ac3ee5
  languageName: node
  linkType: hard

"y18n@npm:^5.0.5":
  version: 5.0.8
  resolution: "y18n@npm:5.0.8"
  checksum: 54f0fb95621ee60898a38c572c515659e51cc9d9f787fb109cef6fde4befbe1c4602dc999d30110feee37456ad0f1660fa2edcfde6a9a740f86a290999550d30
  languageName: node
  linkType: hard

"yallist@npm:^4.0.0":
  version: 4.0.0
  resolution: "yallist@npm:4.0.0"
  checksum: 343617202af32df2a15a3be36a5a8c0c8545208f3d3dfbc6bb7c3e3b7e8c6f8e7485432e4f3b88da3031a6e20afa7c711eded32ddfb122896ac5d914e75848d5
  languageName: node
  linkType: hard

"yargs-parser@npm:^20.2.2":
  version: 20.2.9
  resolution: "yargs-parser@npm:20.2.9"
  checksum: 8bb69015f2b0ff9e17b2c8e6bfe224ab463dd00ca211eece72a4cd8a906224d2703fb8a326d36fdd0e68701e201b2a60ed7cf81ce0fd9b3799f9fe7745977ae3
  languageName: node
  linkType: hard

"yargs-parser@npm:^21.1.1":
  version: 21.1.1
  resolution: "yargs-parser@npm:21.1.1"
  checksum: ed2d96a616a9e3e1cc7d204c62ecc61f7aaab633dcbfab2c6df50f7f87b393993fe6640d017759fe112d0cb1e0119f2b4150a87305cc873fd90831c6a58ccf1c
  languageName: node
  linkType: hard

"yargs@npm:^16.2.0":
  version: 16.2.0
  resolution: "yargs@npm:16.2.0"
  dependencies:
    cliui: ^7.0.2
    escalade: ^3.1.1
    get-caller-file: ^2.0.5
    require-directory: ^2.1.1
    string-width: ^4.2.0
    y18n: ^5.0.5
    yargs-parser: ^20.2.2
  checksum: b14afbb51e3251a204d81937c86a7e9d4bdbf9a2bcee38226c900d00f522969ab675703bee2a6f99f8e20103f608382936034e64d921b74df82b63c07c5e8f59
  languageName: node
  linkType: hard

"yargs@npm:^17.5.1":
  version: 17.7.1
  resolution: "yargs@npm:17.7.1"
  dependencies:
    cliui: ^8.0.1
    escalade: ^3.1.1
    get-caller-file: ^2.0.5
    require-directory: ^2.1.1
    string-width: ^4.2.3
    y18n: ^5.0.5
    yargs-parser: ^21.1.1
  checksum: 3d8a43c336a4942bc68080768664aca85c7bd406f018bad362fd255c41c8f4e650277f42fd65d543fce99e084124ddafee7bbfc1a5c6a8fda4cec78609dcf8d4
  languageName: node
  linkType: hard
